
Microsoft Visual Studio Solution File, Format Version 12.00
# Visual Studio Version 16
VisualStudioVersion = 16.0.31624.102
MinimumVisualStudioVersion = 10.0.40219.1
Project("{FAE04EC0-301F-11D3-BF4B-00C04F79EFBC}") = "CodeFirstNewDatabaseSample", "CodeFirstNewDatabaseSample.csproj", "{98C13A4F-4F94-4132-8374-BB46D9ED2A68}"
EndProject
Global
	GlobalSection(SolutionConfigurationPlatforms) = preSolution
		Debug|Any CPU = Debug|Any CPU
		Release|Any CPU = Release|Any CPU
	EndGlobalSection
	GlobalSection(ProjectConfigurationPlatforms) = postSolution
		{98C13A4F-4F94-4132-8374-BB46D9ED2A68}.Debug|Any CPU.ActiveCfg = Debug|Any CPU
		{98C13A4F-4F94-4132-8374-BB46D9ED2A68}.Debug|Any CPU.Build.0 = Debug|Any CPU
		{98C13A4F-4F94-4132-8374-BB46D9ED2A68}.Release|Any CPU.ActiveCfg = Release|Any CPU
		{98C13A4F-4F94-4132-8374-BB46D9ED2A68}.Release|Any CPU.Build.0 = Release|Any CPU
	EndGlobalSection
	GlobalSection(SolutionProperties) = preSolution
		HideSolutionNode = FALSE
	EndGlobalSection
	GlobalSection(ExtensibilityGlobals) = postSolution
		SolutionGuid = {4579A5B4-4005-4E86-9FC2-0606AFF8F531}
	EndGlobalSection
EndGlobal
